
Microsoft Visual Studio Solution File, Format Version 12.00
# Visual Studio 15
VisualStudioVersion = 15.0.28307.421
MinimumVisualStudioVersion = 10.0.40219.1
Project("{FAE04EC0-301F-11D3-BF4B-00C04F79EFBC}") = "DemoIoC", "DemoIoC\DemoIoC.csproj", "{13D59B87-59E8-465C-A800-56346D2533DD}"
EndProject
Project("{FAE04EC0-301F-11D3-BF4B-00C04F79EFBC}") = "DemoIoc.test", "DemoIoc.test\DemoIoc.test.csproj", "{5822C6D2-0BE9-4CBB-80AF-B98F6C9C8136}"
EndProject
Global
	GlobalSection(SolutionConfigurationPlatforms) = preSolution
		Debug|Any CPU = Debug|Any CPU
		Release|Any CPU = Release|Any CPU
	EndGlobalSection
	GlobalSection(ProjectConfigurationPlatforms) = postSolution
		{13D59B87-59E8-465C-A800-56346D2533DD}.Debug|Any CPU.ActiveCfg = Debug|Any CPU
		{13D59B87-59E8-465C-A800-56346D2533DD}.Debug|Any CPU.Build.0 = Debug|Any CPU
		{13D59B87-59E8-465C-A800-56346D2533DD}.Release|Any CPU.ActiveCfg = Release|Any CPU
		{13D59B87-59E8-465C-A800-56346D2533DD}.Release|Any CPU.Build.0 = Release|Any CPU
		{5822C6D2-0BE9-4CBB-80AF-B98F6C9C8136}.Debug|Any CPU.ActiveCfg = Debug|Any CPU
		{5822C6D2-0BE9-4CBB-80AF-B98F6C9C8136}.Debug|Any CPU.Build.0 = Debug|Any CPU
		{5822C6D2-0BE9-4CBB-80AF-B98F6C9C8136}.Release|Any CPU.ActiveCfg = Release|Any CPU
		{5822C6D2-0BE9-4CBB-80AF-B98F6C9C8136}.Release|Any CPU.Build.0 = Release|Any CPU
	EndGlobalSection
	GlobalSection(SolutionProperties) = preSolution
		HideSolutionNode = FALSE
	EndGlobalSection
	GlobalSection(ExtensibilityGlobals) = postSolution
		SolutionGuid = {11F26C4C-8AF6-4D9C-8E6E-EF971EEB099A}
	EndGlobalSection
EndGlobal
